schema: '2.0'
stages:
  preprocess_data:
    cmd: PYTHONPATH=. python3 scripts/preprocess_data.py
    deps:
    - path: scripts/preprocess_data.py
      md5: ff6d83f4a84dd6e325e8088b22366c80
      size: 338
    params:
      params.yaml:
        datapath: data/comments.csv
        timedelta: D
    outs:
    - path: data/preprocessed_dataframe.pkl
      md5: c302c7f04157fc992fcb545f0a78c9a7
      size: 11491431
  calculate_event_graph_weights:
    cmd: PYTHONPATH=. python3 scripts/create_event_graph.py
    deps:
    - path: scripts/create_event_graph.py
      md5: de97d9106c0ed0c229d0fc9e27a56b78
      size: 619
    params:
      params.yaml:
        data_ratio: 0.1
        timedelta: D
    outs:
    - path: data/w_co_dict.pkl
      md5: 0c7b361b0edae0fc3d318c5eab756a56
      size: 78770
    - path: data/w_path_dict.pkl
      md5: e74dc5b1a8373c48fb045313906fb2fa
      size: 337384
